
Microsoft Visual Studio Solution File, Format Version 12.00
# Visual Studio 15
VisualStudioVersion = 15.0.27130.2027
MinimumVisualStudioVersion = 10.0.40219.1
Project("{FAE04EC0-301F-11D3-BF4B-00C04F79EFBC}") = "MVC-Bootstrap-Template", "MVC-Bootstrap-Template\MVC-Bootstrap-Template.csproj", "{BBC9EEA7-81DE-447A-A8D5-31C75D47A556}"
EndProject
Global
	GlobalSection(SolutionConfigurationPlatforms) = preSolution
		Debug|Any CPU = Debug|Any CPU
		Release|Any CPU = Release|Any CPU
	EndGlobalSection
	GlobalSection(ProjectConfigurationPlatforms) = postSolution
		{BBC9EEA7-81DE-447A-A8D5-31C75D47A556}.Debug|Any CPU.ActiveCfg = Debug|Any CPU
		{BBC9EEA7-81DE-447A-A8D5-31C75D47A556}.Debug|Any CPU.Build.0 = Debug|Any CPU
		{BBC9EEA7-81DE-447A-A8D5-31C75D47A556}.Release|Any CPU.ActiveCfg = Release|Any CPU
		{BBC9EEA7-81DE-447A-A8D5-31C75D47A556}.Release|Any CPU.Build.0 = Release|Any CPU
	EndGlobalSection
	GlobalSection(SolutionProperties) = preSolution
		HideSolutionNode = FALSE
	EndGlobalSection
	GlobalSection(ExtensibilityGlobals) = postSolution
		SolutionGuid = {8098CE82-8566-4E06-9D32-89838230131A}
	EndGlobalSection
EndGlobal
