
Microsoft Visual Studio Solution File, Format Version 12.00
# Visual Studio 15
VisualStudioVersion = 15.0.27130.2027
MinimumVisualStudioVersion = 10.0.40219.1
Project("{FAE04EC0-301F-11D3-BF4B-00C04F79EFBC}") = "Site Template", "Site Template\Site Template.csproj", "{64D6D6FB-095C-4B00-9C14-97BD6E6D88E5}"
EndProject
Global
	GlobalSection(SolutionConfigurationPlatforms) = preSolution
		Debug|Any CPU = Debug|Any CPU
		Release|Any CPU = Release|Any CPU
	EndGlobalSection
	GlobalSection(ProjectConfigurationPlatforms) = postSolution
		{64D6D6FB-095C-4B00-9C14-97BD6E6D88E5}.Debug|Any CPU.ActiveCfg = Debug|Any CPU
		{64D6D6FB-095C-4B00-9C14-97BD6E6D88E5}.Debug|Any CPU.Build.0 = Debug|Any CPU
		{64D6D6FB-095C-4B00-9C14-97BD6E6D88E5}.Release|Any CPU.ActiveCfg = Release|Any CPU
		{64D6D6FB-095C-4B00-9C14-97BD6E6D88E5}.Release|Any CPU.Build.0 = Release|Any CPU
	EndGlobalSection
	GlobalSection(SolutionProperties) = preSolution
		HideSolutionNode = FALSE
	EndGlobalSection
	GlobalSection(ExtensibilityGlobals) = postSolution
		SolutionGuid = {DA907395-90CD-4E3D-8F3D-0443CD99FABF}
	EndGlobalSection
EndGlobal
